version = 1
revision = 2
requires-python = ">=3.13"

[[package]]
name = "isorescue"
version = "0.1.0"
source = { editable = "." }
dependencies = [
    { name = "pycdlib" },
]

[package.metadata]
requires-dist = [{ name = "pycdlib", specifier = ">=1.14.0" }]

[[package]]
name = "pycdlib"
version = "1.14.0"
source = { registry = "https://pypi.org/simple" }
sdist = { url = "https://files.pythonhosted.org/packages/62/d3/52b8dd7a862aec7cc4043a520490bfc9b408179dc374d0e3416fb0614a86/pycdlib-1.14.0.tar.gz", hash = "sha256:8ec306b31d9c850f28c5fda52438d904edd1e8fcf862c5ffd756272efac9f422", size = 287166, upload_time = "2023-01-14T16:39:31.339Z" }
wheels = [
    { url = "https://files.pythonhosted.org/packages/0c/dd/95557c0e3bad0e8ba10c0f17d9deffb139b106eda528a744e544799cbbfb/pycdlib-1.14.0-py2.py3-none-any.whl", hash = "sha256:a905827335f0066af3fd416c5cf9b1f29dffaf4d0914b714555213d1809f38d4", size = 213201, upload_time = "2023-01-14T16:39:29.13Z" },
]
